
Microsoft Visual Studio Solution File, Format Version 12.00
# Visual Studio Version 17
VisualStudioVersion = 17.6.33815.320
MinimumVisualStudioVersion = 10.0.40219.1
Project("{8BC9CEB8-8B4A-11D0-8D11-00A0C91BC942}") = "2023_9_18", "2023_9_18.vcxproj", "{C46FC7A9-7BED-4E36-8A22-34728DB6EC21}"
EndProject
Global
	GlobalSection(SolutionConfigurationPlatforms) = preSolution
		Debug|x64 = Debug|x64
		Debug|x86 = Debug|x86
		Release|x64 = Release|x64
		Release|x86 = Release|x86
	EndGlobalSection
	GlobalSection(ProjectConfigurationPlatforms) = postSolution
		{C46FC7A9-7BED-4E36-8A22-34728DB6EC21}.Debug|x64.ActiveCfg = Debug|x64
		{C46FC7A9-7BED-4E36-8A22-34728DB6EC21}.Debug|x64.Build.0 = Debug|x64
		{C46FC7A9-7BED-4E36-8A22-34728DB6EC21}.Debug|x86.ActiveCfg = Debug|Win32
		{C46FC7A9-7BED-4E36-8A22-34728DB6EC21}.Debug|x86.Build.0 = Debug|Win32
		{C46FC7A9-7BED-4E36-8A22-34728DB6EC21}.Release|x64.ActiveCfg = Release|x64
		{C46FC7A9-7BED-4E36-8A22-34728DB6EC21}.Release|x64.Build.0 = Release|x64
		{C46FC7A9-7BED-4E36-8A22-34728DB6EC21}.Release|x86.ActiveCfg = Release|Win32
		{C46FC7A9-7BED-4E36-8A22-34728DB6EC21}.Release|x86.Build.0 = Release|Win32
	EndGlobalSection
	GlobalSection(SolutionProperties) = preSolution
		HideSolutionNode = FALSE
	EndGlobalSection
	GlobalSection(ExtensibilityGlobals) = postSolution
		SolutionGuid = {C1A96510-E1C1-4103-8C17-8A24AFB92546}
	EndGlobalSection
EndGlobal
